
Microsoft Visual Studio Solution File, Format Version 12.00
Project("{FAE04EC0-301F-11D3-BF4B-00C04F79EFBC}") = "DailyDevDiary", "DailyDevDiary\DailyDevDiary.csproj", "{3223C90E-2631-4F1D-B967-E9E2EA65C3EE}"
EndProject
Global
	GlobalSection(SolutionConfigurationPlatforms) = preSolution
		Debug|Any CPU = Debug|Any CPU
		Release|Any CPU = Release|Any CPU
	EndGlobalSection
	GlobalSection(ProjectConfigurationPlatforms) = postSolution
		{3223C90E-2631-4F1D-B967-E9E2EA65C3EE}.Debug|Any CPU.ActiveCfg = Debug|Any CPU
		{3223C90E-2631-4F1D-B967-E9E2EA65C3EE}.Debug|Any CPU.Build.0 = Debug|Any CPU
		{3223C90E-2631-4F1D-B967-E9E2EA65C3EE}.Release|Any CPU.ActiveCfg = Release|Any CPU
		{3223C90E-2631-4F1D-B967-E9E2EA65C3EE}.Release|Any CPU.Build.0 = Release|Any CPU
	EndGlobalSection
EndGlobal
